<?xml version="1.0" encoding="utf-8"?>
<Project ToolsVersion="4.0" xmlns="http://schemas.microsoft.com/developer/msbuild/2003">
  <ItemGroup>
    <Filter Include="Source Files">
      <UniqueIdentifier>{4FC737F1-C7A5-4376-A066-2A32D752A2FF}</UniqueIdentifier>
      <Extensions>cpp;c;cc;cxx;def;odl;idl;hpj;bat;asm;asmx</Extensions>
    </Filter>
    <Filter Include="Header Files">
      <UniqueIdentifier>{93995380-89BD-4b04-88EB-625FBE52EBFB}</UniqueIdentifier>
      <Extensions>h;hh;hpp;hxx;hm;inl;inc;xsd</Extensions>
    </Filter>
    <Filter Include="Resource Files">
      <UniqueIdentifier>{67DA6AB6-F800-4c08-8B7A-83BB121AAD01}</UniqueIdentifier>
      <Extensions>rc;ico;cur;bmp;dlg;rc2;rct;bin;rgs;gif;jpg;jpeg;jpe;resx;tiff;tif;png;wav;mfcribbon-ms</Extensions>
    </Filter>
  </ItemGroup>
  <ItemGroup>
    <ClCompile Include="Main.cpp">
      <Filter>Source Files</Filter>
    </ClCompile>
    <ClCompile Include="System\Engine.cpp">
      <Filter>Source Files</Filter>
    </ClCompile>
    <ClCompile Include="Levels\Level1.cpp">
      <Filter>Source Files</Filter>
    </ClCompile>
    <ClCompile Include="System\Levels.cpp">
      <Filter>Source Files</Filter>
    </ClCompile>
    <ClCompile Include="Levels\Level2.cpp">
      <Filter>Source Files</Filter>
    </ClCompile>
    <ClCompile Include="Blocks\AnimatedBlock.cpp">
      <Filter>Source Files</Filter>
    </ClCompile>
    <ClCompile Include="Blocks\MovedBlock.cpp">
      <Filter>Source Files</Filter>
    </ClCompile>
    <ClCompile Include="Blocks\ObstacleBlock.cpp">
      <Filter>Source Files</Filter>
    </ClCompile>
    <ClCompile Include="Blocks\PlayerBlock.cpp">
      <Filter>Source Files</Filter>
    </ClCompile>
    <ClCompile Include="Blocks\UnitBlock.cpp">
      <Filter>Source Files</Filter>
    </ClCompile>
    <ClCompile Include="System\Cell.cpp">
      <Filter>Source Files</Filter>
    </ClCompile>
    <ClCompile Include="System\Grid.cpp">
      <Filter>Source Files</Filter>
    </ClCompile>
    <ClCompile Include="System\Item.cpp">
      <Filter>Source Files</Filter>
    </ClCompile>
    <ClCompile Include="System\Block.cpp">
      <Filter>Source Files</Filter>
    </ClCompile>
    <ClCompile Include="System\Level.cpp">
      <Filter>Source Files</Filter>
    </ClCompile>
    <ClCompile Include="Blocks\AnimatedMovedBlock.cpp">
      <Filter>Source Files</Filter>
    </ClCompile>
  </ItemGroup>
  <ItemGroup>
    <ClInclude Include="System\Engine.h">
      <Filter>Header Files</Filter>
    </ClInclude>
    <ClInclude Include="Levels\Level1.h">
      <Filter>Header Files</Filter>
    </ClInclude>
    <ClInclude Include="System\Levels.h">
      <Filter>Header Files</Filter>
    </ClInclude>
    <ClInclude Include="Levels\Level2.h">
      <Filter>Header Files</Filter>
    </ClInclude>
    <ClInclude Include="Blocks\AnimatedBlock.h">
      <Filter>Header Files</Filter>
    </ClInclude>
    <ClInclude Include="Blocks\MovedBlock.h">
      <Filter>Header Files</Filter>
    </ClInclude>
    <ClInclude Include="Blocks\ObstacleBlock.h">
      <Filter>Header Files</Filter>
    </ClInclude>
    <ClInclude Include="Blocks\PlayerBlock.h">
      <Filter>Header Files</Filter>
    </ClInclude>
    <ClInclude Include="Blocks\UnitBlock.h">
      <Filter>Header Files</Filter>
    </ClInclude>
    <ClInclude Include="System\Item.h">
      <Filter>Header Files</Filter>
    </ClInclude>
    <ClInclude Include="System\Block.h">
      <Filter>Header Files</Filter>
    </ClInclude>
    <ClInclude Include="System\Cell.h">
      <Filter>Header Files</Filter>
    </ClInclude>
    <ClInclude Include="System\Grid.h">
      <Filter>Header Files</Filter>
    </ClInclude>
    <ClInclude Include="System\Level.h">
      <Filter>Header Files</Filter>
    </ClInclude>
    <ClInclude Include="Blocks\AnimatedMovedBlock.h">
      <Filter>Header Files</Filter>
    </ClInclude>
  </ItemGroup>
</Project>